
Microsoft Visual Studio Solution File, Format Version 12.00
# Visual Studio Version 16
VisualStudioVersion = 16.0.30914.41
MinimumVisualStudioVersion = 10.0.40219.1
Project("{FAE04EC0-301F-11D3-BF4B-00C04F79EFBC}") = "RobloxStudioModManager", "RobloxStudioModManager.csproj", "{FAD2621F-B280-4D6D-A260-F410C5B06E0C}"
EndProject
Global
	GlobalSection(SolutionConfigurationPlatforms) = preSolution
		Debug|Any CPU = Debug|Any CPU
		Internal|Any CPU = Internal|Any CPU
		Release|Any CPU = Release|Any CPU
	EndGlobalSection
	GlobalSection(ProjectConfigurationPlatforms) = postSolution
		{FAD2621F-B280-4D6D-A260-F410C5B06E0C}.Debug|Any CPU.ActiveCfg = Debug|Any CPU
		{FAD2621F-B280-4D6D-A260-F410C5B06E0C}.Debug|Any CPU.Build.0 = Debug|Any CPU
		{FAD2621F-B280-4D6D-A260-F410C5B06E0C}.Internal|Any CPU.ActiveCfg = Internal|Any CPU
		{FAD2621F-B280-4D6D-A260-F410C5B06E0C}.Internal|Any CPU.Build.0 = Internal|Any CPU
		{FAD2621F-B280-4D6D-A260-F410C5B06E0C}.Release|Any CPU.ActiveCfg = Release|Any CPU
		{FAD2621F-B280-4D6D-A260-F410C5B06E0C}.Release|Any CPU.Build.0 = Release|Any CPU
	EndGlobalSection
	GlobalSection(SolutionProperties) = preSolution
		HideSolutionNode = FALSE
	EndGlobalSection
	GlobalSection(ExtensibilityGlobals) = postSolution
		SolutionGuid = {C54D42A8-8071-46D8-8581-22530C90CE09}
	EndGlobalSection
EndGlobal
